# THIS IS AN AUTOGENERATED FILE. DO NOT EDIT THIS FILE DIRECTLY.
# yarn lockfile v1


"@types/node@^7.0.22":
  version "7.0.22"
  resolved "https://registry.yarnpkg.com/@types/node/-/node-7.0.22.tgz#4593f4d828bdd612929478ea40c67b4f403ca255"

source-map-support@^0.4.15:
  version "0.4.15"
  resolved "https://registry.yarnpkg.com/source-map-support/-/source-map-support-0.4.15.tgz#03202df65c06d2bd8c7ec2362a193056fef8d3b1"
  dependencies:
    source-map "^0.5.6"

source-map@^0.5.6:
  version "0.5.6"
  resolved "https://registry.yarnpkg.com/source-map/-/source-map-0.5.6.tgz#75ce38f52bf0733c5a7f0c118d81334a2bb5f412"

typescript@^2.3.3:
  version "2.3.3"
  resolved "https://registry.yarnpkg.com/typescript/-/typescript-2.3.3.tgz#9639f3c3b40148e8ca97fe08a51dd1891bb6be22"
